
Microsoft Visual Studio Solution File, Format Version 12.00
# Visual Studio 15
VisualStudioVersion = 15.0.27130.2010
MinimumVisualStudioVersion = 10.0.40219.1
Project("{FAE04EC0-301F-11D3-BF4B-00C04F79EFBC}") = "WindowsFormsApp2", "WindowsFormsApp2\WindowsFormsApp2.csproj", "{DF9EA1B5-226F-49A7-B329-BCD1095793DA}"
EndProject
Global
	GlobalSection(SolutionConfigurationPlatforms) = preSolution
		Debug|Any CPU = Debug|Any CPU
		Release|Any CPU = Release|Any CPU
	EndGlobalSection
	GlobalSection(ProjectConfigurationPlatforms) = postSolution
		{DF9EA1B5-226F-49A7-B329-BCD1095793DA}.Debug|Any CPU.ActiveCfg = Debug|Any CPU
		{DF9EA1B5-226F-49A7-B329-BCD1095793DA}.Debug|Any CPU.Build.0 = Debug|Any CPU
		{DF9EA1B5-226F-49A7-B329-BCD1095793DA}.Release|Any CPU.ActiveCfg = Release|Any CPU
		{DF9EA1B5-226F-49A7-B329-BCD1095793DA}.Release|Any CPU.Build.0 = Release|Any CPU
	EndGlobalSection
	GlobalSection(SolutionProperties) = preSolution
		HideSolutionNode = FALSE
	EndGlobalSection
	GlobalSection(ExtensibilityGlobals) = postSolution
		SolutionGuid = {F245058A-1B3B-4C87-B522-5A36641C8B85}
	EndGlobalSection
EndGlobal
